
Microsoft Visual Studio Solution File, Format Version 12.00
# Visual Studio Version 17
VisualStudioVersion = 17.1.32319.34
MinimumVisualStudioVersion = 10.0.40219.1
Project("{9A19103F-16F7-4668-BE54-9A1E7A4F7556}") = "P32", "P32\P32.csproj", "{C7B46C66-C244-4BA8-ADFB-9E18D8665EE4}"
EndProject
Project("{9A19103F-16F7-4668-BE54-9A1E7A4F7556}") = "P33", "..\P33\P33.csproj", "{CF3B0CB1-8439-4A85-A422-4DFB1AF20CED}"
EndProject
Project("{9A19103F-16F7-4668-BE54-9A1E7A4F7556}") = "P34", "..\P34\P34.csproj", "{E7D51ECA-F109-47C3-A8D4-6C47F8D5F3FB}"
EndProject
Project("{2150E333-8FDC-42A3-9474-1A3956D46DE8}") = "P36", "P36", "{8A532AFB-2FCA-4B3A-B62C-55EBC811EE15}"
EndProject
Project("{2150E333-8FDC-42A3-9474-1A3956D46DE8}") = "P37", "P37", "{DB68F89D-4DDF-42C5-BEC3-E15B8825C61B}"
EndProject
Project("{FAE04EC0-301F-11D3-BF4B-00C04F79EFBC}") = "ConfigServices", "..\P36\ConfigServices\ConfigServices.csproj", "{8972402F-92D0-4959-8BBB-7840E17BE481}"
EndProject
Project("{FAE04EC0-301F-11D3-BF4B-00C04F79EFBC}") = "LogServices", "..\P36\LogServices\LogServices.csproj", "{F4CEE8CB-8914-41AD-867B-771623418C3F}"
EndProject
Project("{FAE04EC0-301F-11D3-BF4B-00C04F79EFBC}") = "MailServices", "..\P36\MailServices\MailServices.csproj", "{1CD5922E-522F-4A32-B5B5-60D172537405}"
EndProject
Project("{FAE04EC0-301F-11D3-BF4B-00C04F79EFBC}") = "MailServicesConsole", "..\P36\MailServicesConsole\MailServicesConsole.csproj", "{9251C6E1-5C52-4513-8F06-9F14432A4D70}"
EndProject
Project("{9A19103F-16F7-4668-BE54-9A1E7A4F7556}") = "ConfigServices", "..\P37\ConfigServices\ConfigServices.csproj", "{ED113E36-5ADD-422E-B052-6176FC0E1D07}"
EndProject
Project("{9A19103F-16F7-4668-BE54-9A1E7A4F7556}") = "LogServices", "..\P37\LogServices\LogServices.csproj", "{32EFD356-3E72-49B9-973D-FCAA6F85E13D}"
EndProject
Project("{9A19103F-16F7-4668-BE54-9A1E7A4F7556}") = "MailServices", "..\P37\MailServices\MailServices.csproj", "{CD70043E-B68A-4836-94A1-6ED7147D9DE3}"
EndProject
Project("{9A19103F-16F7-4668-BE54-9A1E7A4F7556}") = "MailServicesConsole", "..\P37\MailServicesConsole\MailServicesConsole.csproj", "{EDF26DD9-DB5F-49BF-97D7-49BD7150A06C}"
EndProject
Project("{2150E333-8FDC-42A3-9474-1A3956D46DE8}") = "P38", "P38", "{FC0EED7E-0170-4090-882D-0F24A0F98A82}"
EndProject
Project("{9A19103F-16F7-4668-BE54-9A1E7A4F7556}") = "ConfigServices", "..\P38\ConfigServices\ConfigServices.csproj", "{9B8D7B68-8EA8-4CDC-809B-7FCC7E36D19C}"
EndProject
Project("{9A19103F-16F7-4668-BE54-9A1E7A4F7556}") = "LogServices", "..\P38\LogServices\LogServices.csproj", "{0A2E603A-2697-4DF6-B8A4-87327552313E}"
EndProject
Project("{9A19103F-16F7-4668-BE54-9A1E7A4F7556}") = "MailServices", "..\P38\MailServices\MailServices.csproj", "{B78585D7-E093-42D1-B754-D148A6C25824}"
EndProject
Project("{9A19103F-16F7-4668-BE54-9A1E7A4F7556}") = "MailServicesConsole", "..\P38\MailServicesConsole\MailServicesConsole.csproj", "{2B476EC5-1730-4FE0-ADC2-478FE9BCB5AD}"
EndProject
Global
	GlobalSection(SolutionConfigurationPlatforms) = preSolution
		Debug|Any CPU = Debug|Any CPU
		Release|Any CPU = Release|Any CPU
	EndGlobalSection
	GlobalSection(ProjectConfigurationPlatforms) = postSolution
		{C7B46C66-C244-4BA8-ADFB-9E18D8665EE4}.Debug|Any CPU.ActiveCfg = Debug|Any CPU
		{C7B46C66-C244-4BA8-ADFB-9E18D8665EE4}.Debug|Any CPU.Build.0 = Debug|Any CPU
		{C7B46C66-C244-4BA8-ADFB-9E18D8665EE4}.Release|Any CPU.ActiveCfg = Release|Any CPU
		{C7B46C66-C244-4BA8-ADFB-9E18D8665EE4}.Release|Any CPU.Build.0 = Release|Any CPU
		{CF3B0CB1-8439-4A85-A422-4DFB1AF20CED}.Debug|Any CPU.ActiveCfg = Debug|Any CPU
		{CF3B0CB1-8439-4A85-A422-4DFB1AF20CED}.Debug|Any CPU.Build.0 = Debug|Any CPU
		{CF3B0CB1-8439-4A85-A422-4DFB1AF20CED}.Release|Any CPU.ActiveCfg = Release|Any CPU
		{CF3B0CB1-8439-4A85-A422-4DFB1AF20CED}.Release|Any CPU.Build.0 = Release|Any CPU
		{E7D51ECA-F109-47C3-A8D4-6C47F8D5F3FB}.Debug|Any CPU.ActiveCfg = Debug|Any CPU
		{E7D51ECA-F109-47C3-A8D4-6C47F8D5F3FB}.Debug|Any CPU.Build.0 = Debug|Any CPU
		{E7D51ECA-F109-47C3-A8D4-6C47F8D5F3FB}.Release|Any CPU.ActiveCfg = Release|Any CPU
		{E7D51ECA-F109-47C3-A8D4-6C47F8D5F3FB}.Release|Any CPU.Build.0 = Release|Any CPU
		{8972402F-92D0-4959-8BBB-7840E17BE481}.Debug|Any CPU.ActiveCfg = Debug|Any CPU
		{8972402F-92D0-4959-8BBB-7840E17BE481}.Debug|Any CPU.Build.0 = Debug|Any CPU
		{8972402F-92D0-4959-8BBB-7840E17BE481}.Release|Any CPU.ActiveCfg = Release|Any CPU
		{8972402F-92D0-4959-8BBB-7840E17BE481}.Release|Any CPU.Build.0 = Release|Any CPU
		{F4CEE8CB-8914-41AD-867B-771623418C3F}.Debug|Any CPU.ActiveCfg = Debug|Any CPU
		{F4CEE8CB-8914-41AD-867B-771623418C3F}.Debug|Any CPU.Build.0 = Debug|Any CPU
		{F4CEE8CB-8914-41AD-867B-771623418C3F}.Release|Any CPU.ActiveCfg = Release|Any CPU
		{F4CEE8CB-8914-41AD-867B-771623418C3F}.Release|Any CPU.Build.0 = Release|Any CPU
		{1CD5922E-522F-4A32-B5B5-60D172537405}.Debug|Any CPU.ActiveCfg = Debug|Any CPU
		{1CD5922E-522F-4A32-B5B5-60D172537405}.Debug|Any CPU.Build.0 = Debug|Any CPU
		{1CD5922E-522F-4A32-B5B5-60D172537405}.Release|Any CPU.ActiveCfg = Release|Any CPU
		{1CD5922E-522F-4A32-B5B5-60D172537405}.Release|Any CPU.Build.0 = Release|Any CPU
		{9251C6E1-5C52-4513-8F06-9F14432A4D70}.Debug|Any CPU.ActiveCfg = Debug|Any CPU
		{9251C6E1-5C52-4513-8F06-9F14432A4D70}.Debug|Any CPU.Build.0 = Debug|Any CPU
		{9251C6E1-5C52-4513-8F06-9F14432A4D70}.Release|Any CPU.ActiveCfg = Release|Any CPU
		{9251C6E1-5C52-4513-8F06-9F14432A4D70}.Release|Any CPU.Build.0 = Release|Any CPU
		{ED113E36-5ADD-422E-B052-6176FC0E1D07}.Debug|Any CPU.ActiveCfg = Debug|Any CPU
		{ED113E36-5ADD-422E-B052-6176FC0E1D07}.Debug|Any CPU.Build.0 = Debug|Any CPU
		{ED113E36-5ADD-422E-B052-6176FC0E1D07}.Release|Any CPU.ActiveCfg = Release|Any CPU
		{ED113E36-5ADD-422E-B052-6176FC0E1D07}.Release|Any CPU.Build.0 = Release|Any CPU
		{32EFD356-3E72-49B9-973D-FCAA6F85E13D}.Debug|Any CPU.ActiveCfg = Debug|Any CPU
		{32EFD356-3E72-49B9-973D-FCAA6F85E13D}.Debug|Any CPU.Build.0 = Debug|Any CPU
		{32EFD356-3E72-49B9-973D-FCAA6F85E13D}.Release|Any CPU.ActiveCfg = Release|Any CPU
		{32EFD356-3E72-49B9-973D-FCAA6F85E13D}.Release|Any CPU.Build.0 = Release|Any CPU
		{CD70043E-B68A-4836-94A1-6ED7147D9DE3}.Debug|Any CPU.ActiveCfg = Debug|Any CPU
		{CD70043E-B68A-4836-94A1-6ED7147D9DE3}.Debug|Any CPU.Build.0 = Debug|Any CPU
		{CD70043E-B68A-4836-94A1-6ED7147D9DE3}.Release|Any CPU.ActiveCfg = Release|Any CPU
		{CD70043E-B68A-4836-94A1-6ED7147D9DE3}.Release|Any CPU.Build.0 = Release|Any CPU
		{EDF26DD9-DB5F-49BF-97D7-49BD7150A06C}.Debug|Any CPU.ActiveCfg = Debug|Any CPU
		{EDF26DD9-DB5F-49BF-97D7-49BD7150A06C}.Debug|Any CPU.Build.0 = Debug|Any CPU
		{EDF26DD9-DB5F-49BF-97D7-49BD7150A06C}.Release|Any CPU.ActiveCfg = Release|Any CPU
		{EDF26DD9-DB5F-49BF-97D7-49BD7150A06C}.Release|Any CPU.Build.0 = Release|Any CPU
		{9B8D7B68-8EA8-4CDC-809B-7FCC7E36D19C}.Debug|Any CPU.ActiveCfg = Debug|Any CPU
		{9B8D7B68-8EA8-4CDC-809B-7FCC7E36D19C}.Debug|Any CPU.Build.0 = Debug|Any CPU
		{9B8D7B68-8EA8-4CDC-809B-7FCC7E36D19C}.Release|Any CPU.ActiveCfg = Release|Any CPU
		{9B8D7B68-8EA8-4CDC-809B-7FCC7E36D19C}.Release|Any CPU.Build.0 = Release|Any CPU
		{0A2E603A-2697-4DF6-B8A4-87327552313E}.Debug|Any CPU.ActiveCfg = Debug|Any CPU
		{0A2E603A-2697-4DF6-B8A4-87327552313E}.Debug|Any CPU.Build.0 = Debug|Any CPU
		{0A2E603A-2697-4DF6-B8A4-87327552313E}.Release|Any CPU.ActiveCfg = Release|Any CPU
		{0A2E603A-2697-4DF6-B8A4-87327552313E}.Release|Any CPU.Build.0 = Release|Any CPU
		{B78585D7-E093-42D1-B754-D148A6C25824}.Debug|Any CPU.ActiveCfg = Debug|Any CPU
		{B78585D7-E093-42D1-B754-D148A6C25824}.Debug|Any CPU.Build.0 = Debug|Any CPU
		{B78585D7-E093-42D1-B754-D148A6C25824}.Release|Any CPU.ActiveCfg = Release|Any CPU
		{B78585D7-E093-42D1-B754-D148A6C25824}.Release|Any CPU.Build.0 = Release|Any CPU
		{2B476EC5-1730-4FE0-ADC2-478FE9BCB5AD}.Debug|Any CPU.ActiveCfg = Debug|Any CPU
		{2B476EC5-1730-4FE0-ADC2-478FE9BCB5AD}.Debug|Any CPU.Build.0 = Debug|Any CPU
		{2B476EC5-1730-4FE0-ADC2-478FE9BCB5AD}.Release|Any CPU.ActiveCfg = Release|Any CPU
		{2B476EC5-1730-4FE0-ADC2-478FE9BCB5AD}.Release|Any CPU.Build.0 = Release|Any CPU
	EndGlobalSection
	GlobalSection(SolutionProperties) = preSolution
		HideSolutionNode = FALSE
	EndGlobalSection
	GlobalSection(NestedProjects) = preSolution
		{8972402F-92D0-4959-8BBB-7840E17BE481} = {8A532AFB-2FCA-4B3A-B62C-55EBC811EE15}
		{F4CEE8CB-8914-41AD-867B-771623418C3F} = {8A532AFB-2FCA-4B3A-B62C-55EBC811EE15}
		{1CD5922E-522F-4A32-B5B5-60D172537405} = {8A532AFB-2FCA-4B3A-B62C-55EBC811EE15}
		{9251C6E1-5C52-4513-8F06-9F14432A4D70} = {8A532AFB-2FCA-4B3A-B62C-55EBC811EE15}
		{ED113E36-5ADD-422E-B052-6176FC0E1D07} = {DB68F89D-4DDF-42C5-BEC3-E15B8825C61B}
		{32EFD356-3E72-49B9-973D-FCAA6F85E13D} = {DB68F89D-4DDF-42C5-BEC3-E15B8825C61B}
		{CD70043E-B68A-4836-94A1-6ED7147D9DE3} = {DB68F89D-4DDF-42C5-BEC3-E15B8825C61B}
		{EDF26DD9-DB5F-49BF-97D7-49BD7150A06C} = {DB68F89D-4DDF-42C5-BEC3-E15B8825C61B}
		{9B8D7B68-8EA8-4CDC-809B-7FCC7E36D19C} = {FC0EED7E-0170-4090-882D-0F24A0F98A82}
		{0A2E603A-2697-4DF6-B8A4-87327552313E} = {FC0EED7E-0170-4090-882D-0F24A0F98A82}
		{B78585D7-E093-42D1-B754-D148A6C25824} = {FC0EED7E-0170-4090-882D-0F24A0F98A82}
		{2B476EC5-1730-4FE0-ADC2-478FE9BCB5AD} = {FC0EED7E-0170-4090-882D-0F24A0F98A82}
	EndGlobalSection
	GlobalSection(ExtensibilityGlobals) = postSolution
		SolutionGuid = {3D9BD096-596D-42BD-BA2E-B0CF97F26780}
	EndGlobalSection
EndGlobal
