
Microsoft Visual Studio Solution File, Format Version 12.00
# Visual Studio Version 17
VisualStudioVersion = 17.3.32929.385
MinimumVisualStudioVersion = 10.0.40219.1
Project("{9A19103F-16F7-4668-BE54-9A1E7A4F7556}") = "P32", "P32\P32\P32.csproj", "{B42FEF6E-9168-4F74-9C62-A0229E707016}"
EndProject
Project("{9A19103F-16F7-4668-BE54-9A1E7A4F7556}") = "P12", "P12\P12.csproj", "{29BC1A07-4C6E-4E91-BAF6-2B6EB9014081}"
EndProject
Project("{2150E333-8FDC-42A3-9474-1A3956D46DE8}") = "P13", "P13", "{C77AEE0D-5A70-499F-BA8D-DE347DCB0B9A}"
EndProject
Project("{9A19103F-16F7-4668-BE54-9A1E7A4F7556}") = "DownLoadHtmlAsync", "P13\DownLoadHtmlAsync\DownLoadHtmlAsync.csproj", "{284BE844-1E0A-4CFB-9084-9E780F0AFE04}"
EndProject
Project("{9A19103F-16F7-4668-BE54-9A1E7A4F7556}") = "SpecialCase", "P13\SpecialCase\SpecialCase.csproj", "{EAAA48CB-D044-4366-BF72-17D8D6101C61}"
EndProject
Project("{2150E333-8FDC-42A3-9474-1A3956D46DE8}") = "P14", "P14", "{FFFCD822-0502-4202-91D3-C711DF3FF83F}"
EndProject
Project("{9A19103F-16F7-4668-BE54-9A1E7A4F7556}") = "AsyncPrinciple1", "P14\AsyncPrinciple1\AsyncPrinciple1.csproj", "{544E07EB-851C-495E-A68C-C9934775D210}"
EndProject
Project("{2150E333-8FDC-42A3-9474-1A3956D46DE8}") = "P15", "P15", "{D18E2850-6E0C-4C8E-A276-9BB844648842}"
EndProject
Project("{9A19103F-16F7-4668-BE54-9A1E7A4F7556}") = "AsyncPrinciple2", "P15\AsyncPrinciple2\AsyncPrinciple2.csproj", "{C583E595-9ED0-4FCE-984E-3B6A8F405C9A}"
EndProject
Project("{2150E333-8FDC-42A3-9474-1A3956D46DE8}") = "P16", "P16", "{5FE15F0A-68E2-40C8-BE03-B893D6D0CFA5}"
EndProject
Project("{9A19103F-16F7-4668-BE54-9A1E7A4F7556}") = "AsyncPrinciple3", "P16\AsyncPrinciple3\AsyncPrinciple3.csproj", "{14809AC7-F3A9-4D75-ABC4-14C6CDEC4503}"
EndProject
Project("{2150E333-8FDC-42A3-9474-1A3956D46DE8}") = "P17", "P17", "{85B66373-E6D5-4E26-8FA2-602E6C5F9C29}"
EndProject
Project("{9A19103F-16F7-4668-BE54-9A1E7A4F7556}") = "AsyncPrinciple4", "P17\AsyncPrinciple4\AsyncPrinciple4.csproj", "{8E7CD63E-8487-4D9A-B1A4-AE20641CD50B}"
EndProject
Project("{2150E333-8FDC-42A3-9474-1A3956D46DE8}") = "P18", "P18", "{8FA18D74-01F4-4C7A-A428-F760D7558627}"
EndProject
Project("{9A19103F-16F7-4668-BE54-9A1E7A4F7556}") = "AsyncPrinciple4", "P18\AsyncPrinciple4\AsyncPrinciple4.csproj", "{1AB14DEB-C418-478A-8B13-90A3DE519918}"
EndProject
Project("{2150E333-8FDC-42A3-9474-1A3956D46DE8}") = "P19", "P19", "{5D0D544A-BA27-4D96-BF84-1DA65828B44F}"
EndProject
Project("{9A19103F-16F7-4668-BE54-9A1E7A4F7556}") = "AsyncCancellationToken", "P19\AsyncCancellationToken\AsyncCancellationToken.csproj", "{7AE24073-D3B1-4423-B6D4-F0D19191125D}"
EndProject
Project("{2150E333-8FDC-42A3-9474-1A3956D46DE8}") = "P20", "P20", "{EB458F9C-54DA-45F7-ADFA-81F02073243C}"
EndProject
Project("{9A19103F-16F7-4668-BE54-9A1E7A4F7556}") = "TaskImportantMethods", "P20\TaskImportantMethods\TaskImportantMethods.csproj", "{2C62D5DB-957D-4416-97B7-47E30E41AA0F}"
EndProject
Project("{2150E333-8FDC-42A3-9474-1A3956D46DE8}") = "P21", "P21", "{256F5AC6-8D1E-4801-8625-CC0C69F5E88A}"
EndProject
Project("{9A19103F-16F7-4668-BE54-9A1E7A4F7556}") = "AsyncPrinciple5", "P21\AsyncPrinciple5\AsyncPrinciple5.csproj", "{2AEF769C-D95F-40DA-A182-C46A33E5FAF0}"
EndProject
Project("{2150E333-8FDC-42A3-9474-1A3956D46DE8}") = "P51", "P51", "{00873039-74C7-48EF-8D0C-17B0E20689F0}"
EndProject
Project("{9A19103F-16F7-4668-BE54-9A1E7A4F7556}") = "EFCore1", "P51\EFCore1\EFCore1.csproj", "{AD1F22C0-812B-4217-8BDB-11FF3DD4F0F1}"
EndProject
Project("{9A19103F-16F7-4668-BE54-9A1E7A4F7556}") = "EfCoreMySql", "EfCoreMySql\EfCoreMySql.csproj", "{6C61F631-0A40-44AE-B5A6-85B0BE00F580}"
EndProject
Project("{2150E333-8FDC-42A3-9474-1A3956D46DE8}") = "P63", "P63", "{8528CAD2-C733-4E78-B7A0-57BDD626744E}"
EndProject
Project("{9A19103F-16F7-4668-BE54-9A1E7A4F7556}") = "EfCoreOne2Many", "P63\EfCoreOne2Many\EfCoreOne2Many.csproj", "{B99AE6F2-768F-44FA-882B-032C578D7BA9}"
EndProject
Project("{2150E333-8FDC-42A3-9474-1A3956D46DE8}") = "P68", "P68", "{4B6C1F98-25ED-4C11-BB65-4EE54035E41F}"
EndProject
Project("{FAE04EC0-301F-11D3-BF4B-00C04F79EFBC}") = "ConsoleApp1", "P68\ConsoleApp1\ConsoleApp1.csproj", "{EE092925-8569-455E-9C97-D55FFABFF1E9}"
EndProject
Global
	GlobalSection(SolutionConfigurationPlatforms) = preSolution
		Debug|Any CPU = Debug|Any CPU
		Release|Any CPU = Release|Any CPU
	EndGlobalSection
	GlobalSection(ProjectConfigurationPlatforms) = postSolution
		{B42FEF6E-9168-4F74-9C62-A0229E707016}.Debug|Any CPU.ActiveCfg = Debug|Any CPU
		{B42FEF6E-9168-4F74-9C62-A0229E707016}.Debug|Any CPU.Build.0 = Debug|Any CPU
		{B42FEF6E-9168-4F74-9C62-A0229E707016}.Release|Any CPU.ActiveCfg = Release|Any CPU
		{B42FEF6E-9168-4F74-9C62-A0229E707016}.Release|Any CPU.Build.0 = Release|Any CPU
		{29BC1A07-4C6E-4E91-BAF6-2B6EB9014081}.Debug|Any CPU.ActiveCfg = Debug|Any CPU
		{29BC1A07-4C6E-4E91-BAF6-2B6EB9014081}.Debug|Any CPU.Build.0 = Debug|Any CPU
		{29BC1A07-4C6E-4E91-BAF6-2B6EB9014081}.Release|Any CPU.ActiveCfg = Release|Any CPU
		{29BC1A07-4C6E-4E91-BAF6-2B6EB9014081}.Release|Any CPU.Build.0 = Release|Any CPU
		{284BE844-1E0A-4CFB-9084-9E780F0AFE04}.Debug|Any CPU.ActiveCfg = Debug|Any CPU
		{284BE844-1E0A-4CFB-9084-9E780F0AFE04}.Debug|Any CPU.Build.0 = Debug|Any CPU
		{284BE844-1E0A-4CFB-9084-9E780F0AFE04}.Release|Any CPU.ActiveCfg = Release|Any CPU
		{284BE844-1E0A-4CFB-9084-9E780F0AFE04}.Release|Any CPU.Build.0 = Release|Any CPU
		{EAAA48CB-D044-4366-BF72-17D8D6101C61}.Debug|Any CPU.ActiveCfg = Debug|Any CPU
		{EAAA48CB-D044-4366-BF72-17D8D6101C61}.Debug|Any CPU.Build.0 = Debug|Any CPU
		{EAAA48CB-D044-4366-BF72-17D8D6101C61}.Release|Any CPU.ActiveCfg = Release|Any CPU
		{EAAA48CB-D044-4366-BF72-17D8D6101C61}.Release|Any CPU.Build.0 = Release|Any CPU
		{544E07EB-851C-495E-A68C-C9934775D210}.Debug|Any CPU.ActiveCfg = Debug|Any CPU
		{544E07EB-851C-495E-A68C-C9934775D210}.Debug|Any CPU.Build.0 = Debug|Any CPU
		{544E07EB-851C-495E-A68C-C9934775D210}.Release|Any CPU.ActiveCfg = Release|Any CPU
		{544E07EB-851C-495E-A68C-C9934775D210}.Release|Any CPU.Build.0 = Release|Any CPU
		{C583E595-9ED0-4FCE-984E-3B6A8F405C9A}.Debug|Any CPU.ActiveCfg = Debug|Any CPU
		{C583E595-9ED0-4FCE-984E-3B6A8F405C9A}.Debug|Any CPU.Build.0 = Debug|Any CPU
		{C583E595-9ED0-4FCE-984E-3B6A8F405C9A}.Release|Any CPU.ActiveCfg = Release|Any CPU
		{C583E595-9ED0-4FCE-984E-3B6A8F405C9A}.Release|Any CPU.Build.0 = Release|Any CPU
		{14809AC7-F3A9-4D75-ABC4-14C6CDEC4503}.Debug|Any CPU.ActiveCfg = Debug|Any CPU
		{14809AC7-F3A9-4D75-ABC4-14C6CDEC4503}.Debug|Any CPU.Build.0 = Debug|Any CPU
		{14809AC7-F3A9-4D75-ABC4-14C6CDEC4503}.Release|Any CPU.ActiveCfg = Release|Any CPU
		{14809AC7-F3A9-4D75-ABC4-14C6CDEC4503}.Release|Any CPU.Build.0 = Release|Any CPU
		{8E7CD63E-8487-4D9A-B1A4-AE20641CD50B}.Debug|Any CPU.ActiveCfg = Debug|Any CPU
		{8E7CD63E-8487-4D9A-B1A4-AE20641CD50B}.Debug|Any CPU.Build.0 = Debug|Any CPU
		{8E7CD63E-8487-4D9A-B1A4-AE20641CD50B}.Release|Any CPU.ActiveCfg = Release|Any CPU
		{8E7CD63E-8487-4D9A-B1A4-AE20641CD50B}.Release|Any CPU.Build.0 = Release|Any CPU
		{1AB14DEB-C418-478A-8B13-90A3DE519918}.Debug|Any CPU.ActiveCfg = Debug|Any CPU
		{1AB14DEB-C418-478A-8B13-90A3DE519918}.Debug|Any CPU.Build.0 = Debug|Any CPU
		{1AB14DEB-C418-478A-8B13-90A3DE519918}.Release|Any CPU.ActiveCfg = Release|Any CPU
		{1AB14DEB-C418-478A-8B13-90A3DE519918}.Release|Any CPU.Build.0 = Release|Any CPU
		{7AE24073-D3B1-4423-B6D4-F0D19191125D}.Debug|Any CPU.ActiveCfg = Debug|Any CPU
		{7AE24073-D3B1-4423-B6D4-F0D19191125D}.Debug|Any CPU.Build.0 = Debug|Any CPU
		{7AE24073-D3B1-4423-B6D4-F0D19191125D}.Release|Any CPU.ActiveCfg = Release|Any CPU
		{7AE24073-D3B1-4423-B6D4-F0D19191125D}.Release|Any CPU.Build.0 = Release|Any CPU
		{2C62D5DB-957D-4416-97B7-47E30E41AA0F}.Debug|Any CPU.ActiveCfg = Debug|Any CPU
		{2C62D5DB-957D-4416-97B7-47E30E41AA0F}.Debug|Any CPU.Build.0 = Debug|Any CPU
		{2C62D5DB-957D-4416-97B7-47E30E41AA0F}.Release|Any CPU.ActiveCfg = Release|Any CPU
		{2C62D5DB-957D-4416-97B7-47E30E41AA0F}.Release|Any CPU.Build.0 = Release|Any CPU
		{2AEF769C-D95F-40DA-A182-C46A33E5FAF0}.Debug|Any CPU.ActiveCfg = Debug|Any CPU
		{2AEF769C-D95F-40DA-A182-C46A33E5FAF0}.Debug|Any CPU.Build.0 = Debug|Any CPU
		{2AEF769C-D95F-40DA-A182-C46A33E5FAF0}.Release|Any CPU.ActiveCfg = Release|Any CPU
		{2AEF769C-D95F-40DA-A182-C46A33E5FAF0}.Release|Any CPU.Build.0 = Release|Any CPU
		{AD1F22C0-812B-4217-8BDB-11FF3DD4F0F1}.Debug|Any CPU.ActiveCfg = Debug|Any CPU
		{AD1F22C0-812B-4217-8BDB-11FF3DD4F0F1}.Debug|Any CPU.Build.0 = Debug|Any CPU
		{AD1F22C0-812B-4217-8BDB-11FF3DD4F0F1}.Release|Any CPU.ActiveCfg = Release|Any CPU
		{AD1F22C0-812B-4217-8BDB-11FF3DD4F0F1}.Release|Any CPU.Build.0 = Release|Any CPU
		{6C61F631-0A40-44AE-B5A6-85B0BE00F580}.Debug|Any CPU.ActiveCfg = Debug|Any CPU
		{6C61F631-0A40-44AE-B5A6-85B0BE00F580}.Debug|Any CPU.Build.0 = Debug|Any CPU
		{6C61F631-0A40-44AE-B5A6-85B0BE00F580}.Release|Any CPU.ActiveCfg = Release|Any CPU
		{6C61F631-0A40-44AE-B5A6-85B0BE00F580}.Release|Any CPU.Build.0 = Release|Any CPU
		{B99AE6F2-768F-44FA-882B-032C578D7BA9}.Debug|Any CPU.ActiveCfg = Debug|Any CPU
		{B99AE6F2-768F-44FA-882B-032C578D7BA9}.Debug|Any CPU.Build.0 = Debug|Any CPU
		{B99AE6F2-768F-44FA-882B-032C578D7BA9}.Release|Any CPU.ActiveCfg = Release|Any CPU
		{B99AE6F2-768F-44FA-882B-032C578D7BA9}.Release|Any CPU.Build.0 = Release|Any CPU
		{EE092925-8569-455E-9C97-D55FFABFF1E9}.Debug|Any CPU.ActiveCfg = Debug|Any CPU
		{EE092925-8569-455E-9C97-D55FFABFF1E9}.Debug|Any CPU.Build.0 = Debug|Any CPU
		{EE092925-8569-455E-9C97-D55FFABFF1E9}.Release|Any CPU.ActiveCfg = Release|Any CPU
		{EE092925-8569-455E-9C97-D55FFABFF1E9}.Release|Any CPU.Build.0 = Release|Any CPU
	EndGlobalSection
	GlobalSection(SolutionProperties) = preSolution
		HideSolutionNode = FALSE
	EndGlobalSection
	GlobalSection(NestedProjects) = preSolution
		{284BE844-1E0A-4CFB-9084-9E780F0AFE04} = {C77AEE0D-5A70-499F-BA8D-DE347DCB0B9A}
		{EAAA48CB-D044-4366-BF72-17D8D6101C61} = {C77AEE0D-5A70-499F-BA8D-DE347DCB0B9A}
		{544E07EB-851C-495E-A68C-C9934775D210} = {FFFCD822-0502-4202-91D3-C711DF3FF83F}
		{C583E595-9ED0-4FCE-984E-3B6A8F405C9A} = {D18E2850-6E0C-4C8E-A276-9BB844648842}
		{14809AC7-F3A9-4D75-ABC4-14C6CDEC4503} = {5FE15F0A-68E2-40C8-BE03-B893D6D0CFA5}
		{8E7CD63E-8487-4D9A-B1A4-AE20641CD50B} = {85B66373-E6D5-4E26-8FA2-602E6C5F9C29}
		{1AB14DEB-C418-478A-8B13-90A3DE519918} = {8FA18D74-01F4-4C7A-A428-F760D7558627}
		{7AE24073-D3B1-4423-B6D4-F0D19191125D} = {5D0D544A-BA27-4D96-BF84-1DA65828B44F}
		{2C62D5DB-957D-4416-97B7-47E30E41AA0F} = {EB458F9C-54DA-45F7-ADFA-81F02073243C}
		{2AEF769C-D95F-40DA-A182-C46A33E5FAF0} = {256F5AC6-8D1E-4801-8625-CC0C69F5E88A}
		{AD1F22C0-812B-4217-8BDB-11FF3DD4F0F1} = {00873039-74C7-48EF-8D0C-17B0E20689F0}
		{6C61F631-0A40-44AE-B5A6-85B0BE00F580} = {00873039-74C7-48EF-8D0C-17B0E20689F0}
		{B99AE6F2-768F-44FA-882B-032C578D7BA9} = {8528CAD2-C733-4E78-B7A0-57BDD626744E}
		{EE092925-8569-455E-9C97-D55FFABFF1E9} = {4B6C1F98-25ED-4C11-BB65-4EE54035E41F}
	EndGlobalSection
	GlobalSection(ExtensibilityGlobals) = postSolution
		SolutionGuid = {4257577A-82B2-4748-85C8-6ABC24A3C6B6}
	EndGlobalSection
EndGlobal
